
Microsoft Visual Studio Solution File, Format Version 12.00
# Visual Studio Version 17
VisualStudioVersion = 17.5.002.0
MinimumVisualStudioVersion = 10.0.40219.1
Project("{9A19103F-16F7-4668-BE54-9A1E7A4F7556}") = "MeetupCenter", "MeetupCenter.csproj", "{33D500E2-D686-4744-9698-CD27C3F36685}"
EndProject
Global
	GlobalSection(SolutionConfigurationPlatforms) = preSolution
		Debug|Any CPU = Debug|Any CPU
		Release|Any CPU = Release|Any CPU
	EndGlobalSection
	GlobalSection(ProjectConfigurationPlatforms) = postSolution
		{33D500E2-D686-4744-9698-CD27C3F36685}.Debug|Any CPU.ActiveCfg = Debug|Any CPU
		{33D500E2-D686-4744-9698-CD27C3F36685}.Debug|Any CPU.Build.0 = Debug|Any CPU
		{33D500E2-D686-4744-9698-CD27C3F36685}.Release|Any CPU.ActiveCfg = Release|Any CPU
		{33D500E2-D686-4744-9698-CD27C3F36685}.Release|Any CPU.Build.0 = Release|Any CPU
	EndGlobalSection
	GlobalSection(SolutionProperties) = preSolution
		HideSolutionNode = FALSE
	EndGlobalSection
	GlobalSection(ExtensibilityGlobals) = postSolution
		SolutionGuid = {1B27F7D1-8D39-4CAD-B021-90AB29131166}
	EndGlobalSection
EndGlobal
